
Microsoft Visual Studio Solution File, Format Version 12.00
# Visual Studio Version 17
VisualStudioVersion = 17.11.35312.102
MinimumVisualStudioVersion = 10.0.40219.1
Project("{FAE04EC0-301F-11D3-BF4B-00C04F79EFBC}") = "Delegate", "Delegate\Delegate.csproj", "{D402F318-B55C-4AE1-ADF2-5E03826A396E}"
EndProject
Project("{FAE04EC0-301F-11D3-BF4B-00C04F79EFBC}") = "Multicast_Delegates", "Multicast_Delegates\Multicast_Delegates.csproj", "{CF34CC55-C901-490A-96E6-C6FB30013927}"
EndProject
Project("{FAE04EC0-301F-11D3-BF4B-00C04F79EFBC}") = "Func_Example", "Func_Example\Func_Example.csproj", "{F40C06C0-F7E7-4608-8C20-B5D9AB8847BB}"
EndProject
Project("{FAE04EC0-301F-11D3-BF4B-00C04F79EFBC}") = "Action_EXP", "Action_EXP\Action_EXP.csproj", "{A55E7684-157F-45C0-9F0E-4054EF70EDCB}"
EndProject
Global
	GlobalSection(SolutionConfigurationPlatforms) = preSolution
		Debug|Any CPU = Debug|Any CPU
		Release|Any CPU = Release|Any CPU
	EndGlobalSection
	GlobalSection(ProjectConfigurationPlatforms) = postSolution
		{D402F318-B55C-4AE1-ADF2-5E03826A396E}.Debug|Any CPU.ActiveCfg = Debug|Any CPU
		{D402F318-B55C-4AE1-ADF2-5E03826A396E}.Debug|Any CPU.Build.0 = Debug|Any CPU
		{D402F318-B55C-4AE1-ADF2-5E03826A396E}.Release|Any CPU.ActiveCfg = Release|Any CPU
		{D402F318-B55C-4AE1-ADF2-5E03826A396E}.Release|Any CPU.Build.0 = Release|Any CPU
		{CF34CC55-C901-490A-96E6-C6FB30013927}.Debug|Any CPU.ActiveCfg = Debug|Any CPU
		{CF34CC55-C901-490A-96E6-C6FB30013927}.Debug|Any CPU.Build.0 = Debug|Any CPU
		{CF34CC55-C901-490A-96E6-C6FB30013927}.Release|Any CPU.ActiveCfg = Release|Any CPU
		{CF34CC55-C901-490A-96E6-C6FB30013927}.Release|Any CPU.Build.0 = Release|Any CPU
		{F40C06C0-F7E7-4608-8C20-B5D9AB8847BB}.Debug|Any CPU.ActiveCfg = Debug|Any CPU
		{F40C06C0-F7E7-4608-8C20-B5D9AB8847BB}.Debug|Any CPU.Build.0 = Debug|Any CPU
		{F40C06C0-F7E7-4608-8C20-B5D9AB8847BB}.Release|Any CPU.ActiveCfg = Release|Any CPU
		{F40C06C0-F7E7-4608-8C20-B5D9AB8847BB}.Release|Any CPU.Build.0 = Release|Any CPU
		{A55E7684-157F-45C0-9F0E-4054EF70EDCB}.Debug|Any CPU.ActiveCfg = Debug|Any CPU
		{A55E7684-157F-45C0-9F0E-4054EF70EDCB}.Debug|Any CPU.Build.0 = Debug|Any CPU
		{A55E7684-157F-45C0-9F0E-4054EF70EDCB}.Release|Any CPU.ActiveCfg = Release|Any CPU
		{A55E7684-157F-45C0-9F0E-4054EF70EDCB}.Release|Any CPU.Build.0 = Release|Any CPU
	EndGlobalSection
	GlobalSection(SolutionProperties) = preSolution
		HideSolutionNode = FALSE
	EndGlobalSection
	GlobalSection(ExtensibilityGlobals) = postSolution
		SolutionGuid = {8D1A2EDA-D0BA-427E-85EF-67C324752B44}
	EndGlobalSection
EndGlobal
